
Microsoft Visual Studio Solution File, Format Version 12.00
# Visual Studio Version 17
VisualStudioVersion = 17.4.33213.308
MinimumVisualStudioVersion = 10.0.40219.1
Project("{FAE04EC0-301F-11D3-BF4B-00C04F79EFBC}") = "Employees.UWP", "Employees\Employees.UWP\Employees.UWP.csproj", "{F374BEBC-EE4A-4D05-B884-76466EC70175}"
EndProject
Project("{FAE04EC0-301F-11D3-BF4B-00C04F79EFBC}") = "Employees.Android", "Employees\Employees.Android\Employees.Android.csproj", "{F9CD8A68-B7F6-4C4E-A7C2-42587A09E07D}"
EndProject
Project("{FAE04EC0-301F-11D3-BF4B-00C04F79EFBC}") = "Employees.iOS", "Employees\Employees.iOS\Employees.iOS.csproj", "{3F91CF30-A4EF-40E9-A317-FA366FF0BB97}"
EndProject
Project("{FAE04EC0-301F-11D3-BF4B-00C04F79EFBC}") = "Employees", "Employees\Employees\Employees.csproj", "{C8881E07-8A10-4A7B-9187-429B3F726AC0}"
EndProject
Global
	GlobalSection(SolutionConfigurationPlatforms) = preSolution
		Debug|Any CPU = Debug|Any CPU
		Debug|ARM = Debug|ARM
		Debug|iPhone = Debug|iPhone
		Debug|iPhoneSimulator = Debug|iPhoneSimulator
		Debug|x64 = Debug|x64
		Debug|x86 = Debug|x86
		Release|Any CPU = Release|Any CPU
		Release|ARM = Release|ARM
		Release|iPhone = Release|iPhone
		Release|iPhoneSimulator = Release|iPhoneSimulator
		Release|x64 = Release|x64
		Release|x86 = Release|x86
	EndGlobalSection
	GlobalSection(ProjectConfigurationPlatforms) = postSolution
		{F374BEBC-EE4A-4D05-B884-76466EC70175}.Debug|Any CPU.ActiveCfg = Debug|x64
		{F374BEBC-EE4A-4D05-B884-76466EC70175}.Debug|Any CPU.Build.0 = Debug|x64
		{F374BEBC-EE4A-4D05-B884-76466EC70175}.Debug|Any CPU.Deploy.0 = Debug|x64
		{F374BEBC-EE4A-4D05-B884-76466EC70175}.Debug|ARM.ActiveCfg = Debug|ARM
		{F374BEBC-EE4A-4D05-B884-76466EC70175}.Debug|ARM.Build.0 = Debug|ARM
		{F374BEBC-EE4A-4D05-B884-76466EC70175}.Debug|ARM.Deploy.0 = Debug|ARM
		{F374BEBC-EE4A-4D05-B884-76466EC70175}.Debug|iPhone.ActiveCfg = Debug|x64
		{F374BEBC-EE4A-4D05-B884-76466EC70175}.Debug|iPhone.Build.0 = Debug|x64
		{F374BEBC-EE4A-4D05-B884-76466EC70175}.Debug|iPhone.Deploy.0 = Debug|x64
		{F374BEBC-EE4A-4D05-B884-76466EC70175}.Debug|iPhoneSimulator.ActiveCfg = Debug|x64
		{F374BEBC-EE4A-4D05-B884-76466EC70175}.Debug|iPhoneSimulator.Build.0 = Debug|x64
		{F374BEBC-EE4A-4D05-B884-76466EC70175}.Debug|iPhoneSimulator.Deploy.0 = Debug|x64
		{F374BEBC-EE4A-4D05-B884-76466EC70175}.Debug|x64.ActiveCfg = Debug|x64
		{F374BEBC-EE4A-4D05-B884-76466EC70175}.Debug|x64.Build.0 = Debug|x64
		{F374BEBC-EE4A-4D05-B884-76466EC70175}.Debug|x64.Deploy.0 = Debug|x64
		{F374BEBC-EE4A-4D05-B884-76466EC70175}.Debug|x86.ActiveCfg = Debug|x86
		{F374BEBC-EE4A-4D05-B884-76466EC70175}.Debug|x86.Build.0 = Debug|x86
		{F374BEBC-EE4A-4D05-B884-76466EC70175}.Debug|x86.Deploy.0 = Debug|x86
		{F374BEBC-EE4A-4D05-B884-76466EC70175}.Release|Any CPU.ActiveCfg = Release|x64
		{F374BEBC-EE4A-4D05-B884-76466EC70175}.Release|Any CPU.Build.0 = Release|x64
		{F374BEBC-EE4A-4D05-B884-76466EC70175}.Release|Any CPU.Deploy.0 = Release|x64
		{F374BEBC-EE4A-4D05-B884-76466EC70175}.Release|ARM.ActiveCfg = Release|ARM
		{F374BEBC-EE4A-4D05-B884-76466EC70175}.Release|ARM.Build.0 = Release|ARM
		{F374BEBC-EE4A-4D05-B884-76466EC70175}.Release|ARM.Deploy.0 = Release|ARM
		{F374BEBC-EE4A-4D05-B884-76466EC70175}.Release|iPhone.ActiveCfg = Release|x64
		{F374BEBC-EE4A-4D05-B884-76466EC70175}.Release|iPhone.Build.0 = Release|x64
		{F374BEBC-EE4A-4D05-B884-76466EC70175}.Release|iPhone.Deploy.0 = Release|x64
		{F374BEBC-EE4A-4D05-B884-76466EC70175}.Release|iPhoneSimulator.ActiveCfg = Release|x64
		{F374BEBC-EE4A-4D05-B884-76466EC70175}.Release|iPhoneSimulator.Build.0 = Release|x64
		{F374BEBC-EE4A-4D05-B884-76466EC70175}.Release|iPhoneSimulator.Deploy.0 = Release|x64
		{F374BEBC-EE4A-4D05-B884-76466EC70175}.Release|x64.ActiveCfg = Release|x64
		{F374BEBC-EE4A-4D05-B884-76466EC70175}.Release|x64.Build.0 = Release|x64
		{F374BEBC-EE4A-4D05-B884-76466EC70175}.Release|x64.Deploy.0 = Release|x64
		{F374BEBC-EE4A-4D05-B884-76466EC70175}.Release|x86.ActiveCfg = Release|x86
		{F374BEBC-EE4A-4D05-B884-76466EC70175}.Release|x86.Build.0 = Release|x86
		{F374BEBC-EE4A-4D05-B884-76466EC70175}.Release|x86.Deploy.0 = Release|x86
		{F9CD8A68-B7F6-4C4E-A7C2-42587A09E07D}.Debug|Any CPU.ActiveCfg = Debug|Any CPU
		{F9CD8A68-B7F6-4C4E-A7C2-42587A09E07D}.Debug|Any CPU.Build.0 = Debug|Any CPU
		{F9CD8A68-B7F6-4C4E-A7C2-42587A09E07D}.Debug|Any CPU.Deploy.0 = Debug|Any CPU
		{F9CD8A68-B7F6-4C4E-A7C2-42587A09E07D}.Debug|ARM.ActiveCfg = Debug|Any CPU
		{F9CD8A68-B7F6-4C4E-A7C2-42587A09E07D}.Debug|ARM.Build.0 = Debug|Any CPU
		{F9CD8A68-B7F6-4C4E-A7C2-42587A09E07D}.Debug|ARM.Deploy.0 = Debug|Any CPU
		{F9CD8A68-B7F6-4C4E-A7C2-42587A09E07D}.Debug|iPhone.ActiveCfg = Debug|Any CPU
		{F9CD8A68-B7F6-4C4E-A7C2-42587A09E07D}.Debug|iPhone.Build.0 = Debug|Any CPU
		{F9CD8A68-B7F6-4C4E-A7C2-42587A09E07D}.Debug|iPhone.Deploy.0 = Debug|Any CPU
		{F9CD8A68-B7F6-4C4E-A7C2-42587A09E07D}.Debug|iPhoneSimulator.ActiveCfg = Debug|Any CPU
		{F9CD8A68-B7F6-4C4E-A7C2-42587A09E07D}.Debug|iPhoneSimulator.Build.0 = Debug|Any CPU
		{F9CD8A68-B7F6-4C4E-A7C2-42587A09E07D}.Debug|iPhoneSimulator.Deploy.0 = Debug|Any CPU
		{F9CD8A68-B7F6-4C4E-A7C2-42587A09E07D}.Debug|x64.ActiveCfg = Debug|Any CPU
		{F9CD8A68-B7F6-4C4E-A7C2-42587A09E07D}.Debug|x64.Build.0 = Debug|Any CPU
		{F9CD8A68-B7F6-4C4E-A7C2-42587A09E07D}.Debug|x64.Deploy.0 = Debug|Any CPU
		{F9CD8A68-B7F6-4C4E-A7C2-42587A09E07D}.Debug|x86.ActiveCfg = Debug|Any CPU
		{F9CD8A68-B7F6-4C4E-A7C2-42587A09E07D}.Debug|x86.Build.0 = Debug|Any CPU
		{F9CD8A68-B7F6-4C4E-A7C2-42587A09E07D}.Debug|x86.Deploy.0 = Debug|Any CPU
		{F9CD8A68-B7F6-4C4E-A7C2-42587A09E07D}.Release|Any CPU.ActiveCfg = Release|Any CPU
		{F9CD8A68-B7F6-4C4E-A7C2-42587A09E07D}.Release|Any CPU.Build.0 = Release|Any CPU
		{F9CD8A68-B7F6-4C4E-A7C2-42587A09E07D}.Release|Any CPU.Deploy.0 = Release|Any CPU
		{F9CD8A68-B7F6-4C4E-A7C2-42587A09E07D}.Release|ARM.ActiveCfg = Release|Any CPU
		{F9CD8A68-B7F6-4C4E-A7C2-42587A09E07D}.Release|ARM.Build.0 = Release|Any CPU
		{F9CD8A68-B7F6-4C4E-A7C2-42587A09E07D}.Release|ARM.Deploy.0 = Release|Any CPU
		{F9CD8A68-B7F6-4C4E-A7C2-42587A09E07D}.Release|iPhone.ActiveCfg = Release|Any CPU
		{F9CD8A68-B7F6-4C4E-A7C2-42587A09E07D}.Release|iPhone.Build.0 = Release|Any CPU
		{F9CD8A68-B7F6-4C4E-A7C2-42587A09E07D}.Release|iPhone.Deploy.0 = Release|Any CPU
		{F9CD8A68-B7F6-4C4E-A7C2-42587A09E07D}.Release|iPhoneSimulator.ActiveCfg = Release|Any CPU
		{F9CD8A68-B7F6-4C4E-A7C2-42587A09E07D}.Release|iPhoneSimulator.Build.0 = Release|Any CPU
		{F9CD8A68-B7F6-4C4E-A7C2-42587A09E07D}.Release|iPhoneSimulator.Deploy.0 = Release|Any CPU
		{F9CD8A68-B7F6-4C4E-A7C2-42587A09E07D}.Release|x64.ActiveCfg = Release|Any CPU
		{F9CD8A68-B7F6-4C4E-A7C2-42587A09E07D}.Release|x64.Build.0 = Release|Any CPU
		{F9CD8A68-B7F6-4C4E-A7C2-42587A09E07D}.Release|x64.Deploy.0 = Release|Any CPU
		{F9CD8A68-B7F6-4C4E-A7C2-42587A09E07D}.Release|x86.ActiveCfg = Release|Any CPU
		{F9CD8A68-B7F6-4C4E-A7C2-42587A09E07D}.Release|x86.Build.0 = Release|Any CPU
		{F9CD8A68-B7F6-4C4E-A7C2-42587A09E07D}.Release|x86.Deploy.0 = Release|Any CPU
		{3F91CF30-A4EF-40E9-A317-FA366FF0BB97}.Debug|Any CPU.ActiveCfg = Debug|iPhoneSimulator
		{3F91CF30-A4EF-40E9-A317-FA366FF0BB97}.Debug|Any CPU.Build.0 = Debug|iPhoneSimulator
		{3F91CF30-A4EF-40E9-A317-FA366FF0BB97}.Debug|Any CPU.Deploy.0 = Debug|iPhoneSimulator
		{3F91CF30-A4EF-40E9-A317-FA366FF0BB97}.Debug|ARM.ActiveCfg = Debug|iPhoneSimulator
		{3F91CF30-A4EF-40E9-A317-FA366FF0BB97}.Debug|ARM.Build.0 = Debug|iPhoneSimulator
		{3F91CF30-A4EF-40E9-A317-FA366FF0BB97}.Debug|ARM.Deploy.0 = Debug|iPhoneSimulator
		{3F91CF30-A4EF-40E9-A317-FA366FF0BB97}.Debug|iPhone.ActiveCfg = Debug|iPhone
		{3F91CF30-A4EF-40E9-A317-FA366FF0BB97}.Debug|iPhone.Build.0 = Debug|iPhone
		{3F91CF30-A4EF-40E9-A317-FA366FF0BB97}.Debug|iPhone.Deploy.0 = Debug|iPhone
		{3F91CF30-A4EF-40E9-A317-FA366FF0BB97}.Debug|iPhoneSimulator.ActiveCfg = Debug|iPhoneSimulator
		{3F91CF30-A4EF-40E9-A317-FA366FF0BB97}.Debug|iPhoneSimulator.Build.0 = Debug|iPhoneSimulator
		{3F91CF30-A4EF-40E9-A317-FA366FF0BB97}.Debug|iPhoneSimulator.Deploy.0 = Debug|iPhoneSimulator
		{3F91CF30-A4EF-40E9-A317-FA366FF0BB97}.Debug|x64.ActiveCfg = Debug|iPhone
		{3F91CF30-A4EF-40E9-A317-FA366FF0BB97}.Debug|x64.Build.0 = Debug|iPhone
		{3F91CF30-A4EF-40E9-A317-FA366FF0BB97}.Debug|x64.Deploy.0 = Debug|iPhone
		{3F91CF30-A4EF-40E9-A317-FA366FF0BB97}.Debug|x86.ActiveCfg = Debug|iPhoneSimulator
		{3F91CF30-A4EF-40E9-A317-FA366FF0BB97}.Debug|x86.Build.0 = Debug|iPhoneSimulator
		{3F91CF30-A4EF-40E9-A317-FA366FF0BB97}.Debug|x86.Deploy.0 = Debug|iPhoneSimulator
		{3F91CF30-A4EF-40E9-A317-FA366FF0BB97}.Release|Any CPU.ActiveCfg = Release|iPhoneSimulator
		{3F91CF30-A4EF-40E9-A317-FA366FF0BB97}.Release|Any CPU.Build.0 = Release|iPhoneSimulator
		{3F91CF30-A4EF-40E9-A317-FA366FF0BB97}.Release|Any CPU.Deploy.0 = Release|iPhoneSimulator
		{3F91CF30-A4EF-40E9-A317-FA366FF0BB97}.Release|ARM.ActiveCfg = Release|iPhoneSimulator
		{3F91CF30-A4EF-40E9-A317-FA366FF0BB97}.Release|ARM.Build.0 = Release|iPhoneSimulator
		{3F91CF30-A4EF-40E9-A317-FA366FF0BB97}.Release|ARM.Deploy.0 = Release|iPhoneSimulator
		{3F91CF30-A4EF-40E9-A317-FA366FF0BB97}.Release|iPhone.ActiveCfg = Release|iPhone
		{3F91CF30-A4EF-40E9-A317-FA366FF0BB97}.Release|iPhone.Build.0 = Release|iPhone
		{3F91CF30-A4EF-40E9-A317-FA366FF0BB97}.Release|iPhone.Deploy.0 = Release|iPhone
		{3F91CF30-A4EF-40E9-A317-FA366FF0BB97}.Release|iPhoneSimulator.ActiveCfg = Release|iPhoneSimulator
		{3F91CF30-A4EF-40E9-A317-FA366FF0BB97}.Release|iPhoneSimulator.Build.0 = Release|iPhoneSimulator
		{3F91CF30-A4EF-40E9-A317-FA366FF0BB97}.Release|iPhoneSimulator.Deploy.0 = Release|iPhoneSimulator
		{3F91CF30-A4EF-40E9-A317-FA366FF0BB97}.Release|x64.ActiveCfg = Release|iPhoneSimulator
		{3F91CF30-A4EF-40E9-A317-FA366FF0BB97}.Release|x64.Build.0 = Release|iPhoneSimulator
		{3F91CF30-A4EF-40E9-A317-FA366FF0BB97}.Release|x64.Deploy.0 = Release|iPhoneSimulator
		{3F91CF30-A4EF-40E9-A317-FA366FF0BB97}.Release|x86.ActiveCfg = Release|iPhoneSimulator
		{3F91CF30-A4EF-40E9-A317-FA366FF0BB97}.Release|x86.Build.0 = Release|iPhoneSimulator
		{3F91CF30-A4EF-40E9-A317-FA366FF0BB97}.Release|x86.Deploy.0 = Release|iPhoneSimulator
		{C8881E07-8A10-4A7B-9187-429B3F726AC0}.Debug|Any CPU.ActiveCfg = Debug|Any CPU
		{C8881E07-8A10-4A7B-9187-429B3F726AC0}.Debug|Any CPU.Build.0 = Debug|Any CPU
		{C8881E07-8A10-4A7B-9187-429B3F726AC0}.Debug|Any CPU.Deploy.0 = Debug|Any CPU
		{C8881E07-8A10-4A7B-9187-429B3F726AC0}.Debug|ARM.ActiveCfg = Debug|Any CPU
		{C8881E07-8A10-4A7B-9187-429B3F726AC0}.Debug|ARM.Build.0 = Debug|Any CPU
		{C8881E07-8A10-4A7B-9187-429B3F726AC0}.Debug|ARM.Deploy.0 = Debug|Any CPU
		{C8881E07-8A10-4A7B-9187-429B3F726AC0}.Debug|iPhone.ActiveCfg = Debug|Any CPU
		{C8881E07-8A10-4A7B-9187-429B3F726AC0}.Debug|iPhone.Build.0 = Debug|Any CPU
		{C8881E07-8A10-4A7B-9187-429B3F726AC0}.Debug|iPhone.Deploy.0 = Debug|Any CPU
		{C8881E07-8A10-4A7B-9187-429B3F726AC0}.Debug|iPhoneSimulator.ActiveCfg = Debug|Any CPU
		{C8881E07-8A10-4A7B-9187-429B3F726AC0}.Debug|iPhoneSimulator.Build.0 = Debug|Any CPU
		{C8881E07-8A10-4A7B-9187-429B3F726AC0}.Debug|iPhoneSimulator.Deploy.0 = Debug|Any CPU
		{C8881E07-8A10-4A7B-9187-429B3F726AC0}.Debug|x64.ActiveCfg = Debug|Any CPU
		{C8881E07-8A10-4A7B-9187-429B3F726AC0}.Debug|x64.Build.0 = Debug|Any CPU
		{C8881E07-8A10-4A7B-9187-429B3F726AC0}.Debug|x64.Deploy.0 = Debug|Any CPU
		{C8881E07-8A10-4A7B-9187-429B3F726AC0}.Debug|x86.ActiveCfg = Debug|Any CPU
		{C8881E07-8A10-4A7B-9187-429B3F726AC0}.Debug|x86.Build.0 = Debug|Any CPU
		{C8881E07-8A10-4A7B-9187-429B3F726AC0}.Debug|x86.Deploy.0 = Debug|Any CPU
		{C8881E07-8A10-4A7B-9187-429B3F726AC0}.Release|Any CPU.ActiveCfg = Release|Any CPU
		{C8881E07-8A10-4A7B-9187-429B3F726AC0}.Release|Any CPU.Build.0 = Release|Any CPU
		{C8881E07-8A10-4A7B-9187-429B3F726AC0}.Release|Any CPU.Deploy.0 = Release|Any CPU
		{C8881E07-8A10-4A7B-9187-429B3F726AC0}.Release|ARM.ActiveCfg = Release|Any CPU
		{C8881E07-8A10-4A7B-9187-429B3F726AC0}.Release|ARM.Build.0 = Release|Any CPU
		{C8881E07-8A10-4A7B-9187-429B3F726AC0}.Release|ARM.Deploy.0 = Release|Any CPU
		{C8881E07-8A10-4A7B-9187-429B3F726AC0}.Release|iPhone.ActiveCfg = Release|Any CPU
		{C8881E07-8A10-4A7B-9187-429B3F726AC0}.Release|iPhone.Build.0 = Release|Any CPU
		{C8881E07-8A10-4A7B-9187-429B3F726AC0}.Release|iPhone.Deploy.0 = Release|Any CPU
		{C8881E07-8A10-4A7B-9187-429B3F726AC0}.Release|iPhoneSimulator.ActiveCfg = Release|Any CPU
		{C8881E07-8A10-4A7B-9187-429B3F726AC0}.Release|iPhoneSimulator.Build.0 = Release|Any CPU
		{C8881E07-8A10-4A7B-9187-429B3F726AC0}.Release|iPhoneSimulator.Deploy.0 = Release|Any CPU
		{C8881E07-8A10-4A7B-9187-429B3F726AC0}.Release|x64.ActiveCfg = Release|Any CPU
		{C8881E07-8A10-4A7B-9187-429B3F726AC0}.Release|x64.Build.0 = Release|Any CPU
		{C8881E07-8A10-4A7B-9187-429B3F726AC0}.Release|x64.Deploy.0 = Release|Any CPU
		{C8881E07-8A10-4A7B-9187-429B3F726AC0}.Release|x86.ActiveCfg = Release|Any CPU
		{C8881E07-8A10-4A7B-9187-429B3F726AC0}.Release|x86.Build.0 = Release|Any CPU
		{C8881E07-8A10-4A7B-9187-429B3F726AC0}.Release|x86.Deploy.0 = Release|Any CPU
	EndGlobalSection
	GlobalSection(SolutionProperties) = preSolution
		HideSolutionNode = FALSE
	EndGlobalSection
	GlobalSection(ExtensibilityGlobals) = postSolution
		SolutionGuid = {77CB952D-248E-4D9E-97C0-1086C9744F77}
	EndGlobalSection
EndGlobal
